// !$*UTF8*$!
{
	archiveVersion = 1;
	classes = {
	};
	objectVersion = 46;
	objects = {

/* Begin PBXBuildFile section */
		D36E6D491E6CFBC500BFF784 /* main.m in Sources */ = {isa = PBXBuildFile; fileRef = D36E6D481E6CFBC500BFF784 /* main.m */; };
		D36E6D4C1E6CFBC500BFF784 /* AppDelegate.m in Sources */ = {isa = PBXBuildFile; fileRef = D36E6D4B1E6CFBC500BFF784 /* AppDelegate.m */; };
		D36E6D4F1E6CFBC500BFF784 /* SNViewController.m in Sources */ = {isa = PBXBuildFile; fileRef = D36E6D4E1E6CFBC500BFF784 /* SNViewController.m */; };
		D36E6D551E6CFBC500BFF784 /* SnazzleClient.xcdatamodeld in Sources */ = {isa = PBXBuildFile; fileRef = D36E6D531E6CFBC500BFF784 /* SnazzleClient.xcdatamodeld */; };
		D36E6D571E6CFBC500BFF784 /* Assets.xcassets in Resources */ = {isa = PBXBuildFile; fileRef = D36E6D561E6CFBC500BFF784 /* Assets.xcassets */; };
		D36E6D651E6CFBC600BFF784 /* SnazzleClientTests.m in Sources */ = {isa = PBXBuildFile; fileRef = D36E6D641E6CFBC600BFF784 /* SnazzleClientTests.m */; };
		D36E6D701E6CFBC600BFF784 /* SnazzleClientUITests.m in Sources */ = {isa = PBXBuildFile; fileRef = D36E6D6F1E6CFBC600BFF784 /* SnazzleClientUITests.m */; };
/* End PBXBuildFile section */

/* Begin PBXContainerItemProxy section */
		D36E6D611E6CFBC600BFF784 /* PBXContainerItemProxy */ = {
			isa = PBXContainerItemProxy;
			containerPortal = D36E6D3C1E6CFBC500BFF784 /* Project object */;
			proxyType = 1;
			remoteGlobalIDString = D36E6D431E6CFBC500BFF784;
			remoteInfo = SnazzleClient;
		};
		D36E6D6C1E6CFBC600BFF784 /* PBXContainerItemProxy */ = {
			isa = PBXContainerItemProxy;
			containerPortal = D36E6D3C1E6CFBC500BFF784 /* Project object */;
			proxyType = 1;
			remoteGlobalIDString = D36E6D431E6CFBC500BFF784;
			remoteInfo = SnazzleClient;
		};
/* End PBXContainerItemProxy section */

/* Begin PBXFileReference section */
		D36E6D441E6CFBC500BFF784 /* SnazzleClient.app */ = {isa = PBXFileReference; explicitFileType = wrapper.application; includeInIndex = 0; path = SnazzleClient.app; sourceTree = BUILT_PRODUCTS_DIR; };
		D36E6D481E6CFBC500BFF784 /* main.m */ = {isa = PBXFileReference; lastKnownFileType = sourcecode.c.objc; path = main.m; sourceTree = "<group>"; };
		D36E6D4A1E6CFBC500BFF784 /* AppDelegate.h */ = {isa = PBXFileReference; lastKnownFileType = sourcecode.c.h; path = AppDelegate.h; sourceTree = "<group>"; };
		D36E6D4B1E6CFBC500BFF784 /* AppDelegate.m */ = {isa = PBXFileReference; lastKnownFileType = sourcecode.c.objc; path = AppDelegate.m; sourceTree = "<group>"; };
		D36E6D4D1E6CFBC500BFF784 /* SNViewController.h */ = {isa = PBXFileReference; lastKnownFileType = sourcecode.c.h; path = SNViewController.h; sourceTree = "<group>"; };
		D36E6D4E1E6CFBC500BFF784 /* SNViewController.m */ = {isa = PBXFileReference; lastKnownFileType = sourcecode.c.objc; path = SNViewController.m; sourceTree = "<group>"; };
		D36E6D541E6CFBC500BFF784 /* SnazzleClient.xcdatamodel */ = {isa = PBXFileReference; lastKnownFileType = wrapper.xcdatamodel; path = SnazzleClient.xcdatamodel; sourceTree = "<group>"; };
		D36E6D561E6CFBC500BFF784 /* Assets.xcassets */ = {isa = PBXFileReference; lastKnownFileType = folder.assetcatalog; path = Assets.xcassets; sourceTree = "<group>"; };
		D36E6D5B1E6CFBC500BFF784 /* Info.plist */ = {isa = PBXFileReference; lastKnownFileType = text.plist.xml; path = Info.plist; sourceTree = "<group>"; };
		D36E6D601E6CFBC600BFF784 /* SnazzleClientTests.xctest */ = {isa = PBXFileReference; explicitFileType = wrapper.cfbundle; includeInIndex = 0; path = SnazzleClientTests.xctest; sourceTree = BUILT_PRODUCTS_DIR; };
		D36E6D641E6CFBC600BFF784 /* SnazzleClientTests.m */ = {isa = PBXFileReference; lastKnownFileType = sourcecode.c.objc; path = SnazzleClientTests.m; sourceTree = "<group>"; };
		D36E6D661E6CFBC600BFF784 /* Info.plist */ = {isa = PBXFileReference; lastKnownFileType = text.plist.xml; path = Info.plist; sourceTree = "<group>"; };
		D36E6D6B1E6CFBC600BFF784 /* SnazzleClientUITests.xctest */ = {isa = PBXFileReference; explicitFileType = wrapper.cfbundle; includeInIndex = 0; path = SnazzleClientUITests.xctest; sourceTree = BUILT_PRODUCTS_DIR; };
		D36E6D6F1E6CFBC600BFF784 /* SnazzleClientUITests.m */ = {isa = PBXFileReference; lastKnownFileType = sourcecode.c.objc; path = SnazzleClientUITests.m; sourceTree = "<group>"; };
		D36E6D711E6CFBC600BFF784 /* Info.plist */ = {isa = PBXFileReference; lastKnownFileType = text.plist.xml; path = Info.plist; sourceTree = "<group>"; };
/* End PBXFileReference section */

/* Begin PBXFrameworksBuildPhase section */
		D36E6D411E6CFBC500BFF784 /* Frameworks */ = {
			isa = PBXFrameworksBuildPhase;
			buildActionMask = 2147483647;
			files = (
			);
			runOnlyForDeploymentPostprocessing = 0;
		};
		D36E6D5D1E6CFBC600BFF784 /* Frameworks */ = {
			isa = PBXFrameworksBuildPhase;
			buildActionMask = 2147483647;
			files = (
			);
			runOnlyForDeploymentPostprocessing = 0;
		};
		D36E6D681E6CFBC600BFF784 /* Frameworks */ = {
			isa = PBXFrameworksBuildPhase;
			buildActionMask = 2147483647;
			files = (
			);
			runOnlyForDeploymentPostprocessing = 0;
		};
/* End PBXFrameworksBuildPhase section */

/* Begin PBXGroup section */
		D36E6D3B1E6CFBC500BFF784 = {
			isa = PBXGroup;
			children = (
				D36E6D461E6CFBC500BFF784 /* SnazzleClient */,
				D36E6D631E6CFBC600BFF784 /* SnazzleClientTests */,
				D36E6D6E1E6CFBC600BFF784 /* SnazzleClientUITests */,
				D36E6D451E6CFBC500BFF784 /* Products */,
			);
			sourceTree = "<group>";
		};
		D36E6D451E6CFBC500BFF784 /* Products */ = {
			isa = PBXGroup;
			children = (
				D36E6D441E6CFBC500BFF784 /* SnazzleClient.app */,
				D36E6D601E6CFBC600BFF784 /* SnazzleClientTests.xctest */,
				D36E6D6B1E6CFBC600BFF784 /* SnazzleClientUITests.xctest */,
			);
			name = Products;
			sourceTree = "<group>";
		};
		D36E6D461E6CFBC500BFF784 /* SnazzleClient */ = {
			isa = PBXGroup;
			children = (
				D36E6D4A1E6CFBC500BFF784 /* AppDelegate.h */,
				D36E6D4B1E6CFBC500BFF784 /* AppDelegate.m */,
				D36E6D4D1E6CFBC500BFF784 /* SNViewController.h */,
				D36E6D4E1E6CFBC500BFF784 /* SNViewController.m */,
				D36E6D561E6CFBC500BFF784 /* Assets.xcassets */,
				D36E6D5B1E6CFBC500BFF784 /* Info.plist */,
				D36E6D531E6CFBC500BFF784 /* SnazzleClient.xcdatamodeld */,
				D36E6D471E6CFBC500BFF784 /* Supporting Files */,
			);
			path = SnazzleClient;
			sourceTree = "<group>";
		};
		D36E6D471E6CFBC500BFF784 /* Supporting Files */ = {
			isa = PBXGroup;
			children = (
				D36E6D481E6CFBC500BFF784 /* main.m */,
			);
			name = "Supporting Files";
			sourceTree = "<group>";
		};
		D36E6D631E6CFBC600BFF784 /* SnazzleClientTests */ = {
			isa = PBXGroup;
			children = (
				D36E6D641E6CFBC600BFF784 /* SnazzleClientTests.m */,
				D36E6D661E6CFBC600BFF784 /* Info.plist */,
			);
			path = SnazzleClientTests;
			sourceTree = "<group>";
		};
		D36E6D6E1E6CFBC600BFF784 /* SnazzleClientUITests */ = {
			isa = PBXGroup;
			children = (
				D36E6D6F1E6CFBC600BFF784 /* SnazzleClientUITests.m */,
				D36E6D711E6CFBC600BFF784 /* Info.plist */,
			);
			path = SnazzleClientUITests;
			sourceTree = "<group>";
		};
/* End PBXGroup section */

/* Begin PBXNativeTarget section */
		D36E6D431E6CFBC500BFF784 /* SnazzleClient */ = {
			isa = PBXNativeTarget;
			buildConfigurationList = D36E6D741E6CFBC600BFF784 /* Build configuration list for PBXNativeTarget "SnazzleClient" */;
			buildPhases = (
				D36E6D401E6CFBC500BFF784 /* Sources */,
				D36E6D411E6CFBC500BFF784 /* Frameworks */,
				D36E6D421E6CFBC500BFF784 /* Resources */,
			);
			buildRules = (
			);
			dependencies = (
			);
			name = SnazzleClient;
			productName = SnazzleClient;
			productReference = D36E6D441E6CFBC500BFF784 /* SnazzleClient.app */;
			productType = "com.apple.product-type.application";
		};
		D36E6D5F1E6CFBC600BFF784 /* SnazzleClientTests */ = {
			isa = PBXNativeTarget;
			buildConfigurationList = D36E6D771E6CFBC600BFF784 /* Build configuration list for PBXNativeTarget "SnazzleClientTests" */;
			buildPhases = (
				D36E6D5C1E6CFBC600BFF784 /* Sources */,
				D36E6D5D1E6CFBC600BFF784 /* Frameworks */,
				D36E6D5E1E6CFBC600BFF784 /* Resources */,
			);
			buildRules = (
			);
			dependencies = (
				D36E6D621E6CFBC600BFF784 /* PBXTargetDependency */,
			);
			name = SnazzleClientTests;
			productName = SnazzleClientTests;
			productReference = D36E6D601E6CFBC600BFF784 /* SnazzleClientTests.xctest */;
			productType = "com.apple.product-type.bundle.unit-test";
		};
		D36E6D6A1E6CFBC600BFF784 /* SnazzleClientUITests */ = {
			isa = PBXNativeTarget;
			buildConfigurationList = D36E6D7A1E6CFBC600BFF784 /* Build configuration list for PBXNativeTarget "SnazzleClientUITests" */;
			buildPhases = (
				D36E6D671E6CFBC600BFF784 /* Sources */,
				D36E6D681E6CFBC600BFF784 /* Frameworks */,
				D36E6D691E6CFBC600BFF784 /* Resources */,
			);
			buildRules = (
			);
			dependencies = (
				D36E6D6D1E6CFBC600BFF784 /* PBXTargetDependency */,
			);
			name = SnazzleClientUITests;
			productName = SnazzleClientUITests;
			productReference = D36E6D6B1E6CFBC600BFF784 /* SnazzleClientUITests.xctest */;
			productType = "com.apple.product-type.bundle.ui-testing";
		};
/* End PBXNativeTarget section */

/* Begin PBXProject section */
		D36E6D3C1E6CFBC500BFF784 /* Project object */ = {
			isa = PBXProject;
			attributes = {
				LastUpgradeCheck = 0810;
				ORGANIZATIONNAME = "Carl Bolstad";
				TargetAttributes = {
					D36E6D431E6CFBC500BFF784 = {
						CreatedOnToolsVersion = 8.1;
						DevelopmentTeam = CBZS6UC35V;
						ProvisioningStyle = Automatic;
					};
					D36E6D5F1E6CFBC600BFF784 = {
						CreatedOnToolsVersion = 8.1;
						ProvisioningStyle = Automatic;
						TestTargetID = D36E6D431E6CFBC500BFF784;
					};
					D36E6D6A1E6CFBC600BFF784 = {
						CreatedOnToolsVersion = 8.1;
						ProvisioningStyle = Automatic;
						TestTargetID = D36E6D431E6CFBC500BFF784;
					};
				};
			};
			buildConfigurationList = D36E6D3F1E6CFBC500BFF784 /* Build configuration list for PBXProject "SnazzleClient" */;
			compatibilityVersion = "Xcode 3.2";
			developmentRegion = English;
			hasScannedForEncodings = 0;
			knownRegions = (
				en,
				Base,
			);
			mainGroup = D36E6D3B1E6CFBC500BFF784;
			productRefGroup = D36E6D451E6CFBC500BFF784 /* Products */;
			projectDirPath = "";
			projectRoot = "";
			targets = (
				D36E6D431E6CFBC500BFF784 /* SnazzleClient */,
				D36E6D5F1E6CFBC600BFF784 /* SnazzleClientTests */,
				D36E6D6A1E6CFBC600BFF784 /* SnazzleClientUITests */,
			);
		};
/* End PBXProject section */

/* Begin PBXResourcesBuildPhase section */
		D36E6D421E6CFBC500BFF784 /* Resources */ = {
			isa = PBXResourcesBuildPhase;
			buildActionMask = 2147483647;
			files = (
				D36E6D571E6CFBC500BFF784 /* Assets.xcassets in Resources */,
			);
			runOnlyForDeploymentPostprocessing = 0;
		};
		D36E6D5E1E6CFBC600BFF784 /* Resources */ = {
			isa = PBXResourcesBuildPhase;
			buildActionMask = 2147483647;
			files = (
			);
			runOnlyForDeploymentPostprocessing = 0;
		};
		D36E6D691E6CFBC600BFF784 /* Resources */ = {
			isa = PBXResourcesBuildPhase;
			buildActionMask = 2147483647;
			files = (
			);
			runOnlyForDeploymentPostprocessing = 0;
		};
/* End PBXResourcesBuildPhase section */

/* Begin PBXSourcesBuildPhase section */
		D36E6D401E6CFBC500BFF784 /* Sources */ = {
			isa = PBXSourcesBuildPhase;
			buildActionMask = 2147483647;
			files = (
				D36E6D551E6CFBC500BFF784 /* SnazzleClient.xcdatamodeld in Sources */,
				D36E6D4F1E6CFBC500BFF784 /* SNViewController.m in Sources */,
				D36E6D4C1E6CFBC500BFF784 /* AppDelegate.m in Sources */,
				D36E6D491E6CFBC500BFF784 /* main.m in Sources */,
			);
			runOnlyForDeploymentPostprocessing = 0;
		};
		D36E6D5C1E6CFBC600BFF784 /* Sources */ = {
			isa = PBXSourcesBuildPhase;
			buildActionMask = 2147483647;
			files = (
				D36E6D651E6CFBC600BFF784 /* SnazzleClientTests.m in Sources */,
			);
			runOnlyForDeploymentPostprocessing = 0;
		};
		D36E6D671E6CFBC600BFF784 /* Sources */ = {
			isa = PBXSourcesBuildPhase;
			buildActionMask = 2147483647;
			files = (
				D36E6D701E6CFBC600BFF784 /* SnazzleClientUITests.m in Sources */,
			);
			runOnlyForDeploymentPostprocessing = 0;
		};
/* End PBXSourcesBuildPhase section */

/* Begin PBXTargetDependency section */
		D36E6D621E6CFBC600BFF784 /* PBXTargetDependency */ = {
			isa = PBXTargetDependency;
			target = D36E6D431E6CFBC500BFF784 /* SnazzleClient */;
			targetProxy = D36E6D611E6CFBC600BFF784 /* PBXContainerItemProxy */;
		};
		D36E6D6D1E6CFBC600BFF784 /* PBXTargetDependency */ = {
			isa = PBXTargetDependency;
			target = D36E6D431E6CFBC500BFF784 /* SnazzleClient */;
			targetProxy = D36E6D6C1E6CFBC600BFF784 /* PBXContainerItemProxy */;
		};
/* End PBXTargetDependency section */

/* Begin XCBuildConfiguration section */
		D36E6D721E6CFBC600BFF784 /* Debug */ = {
			isa = XCBuildConfiguration;
			buildSettings = {
				ALWAYS_SEARCH_USER_PATHS = NO;
				CLANG_ANALYZER_NONNULL = YES;
				CLANG_CXX_LANGUAGE_STANDARD = "gnu++0x";
				CLANG_CXX_LIBRARY = "libc++";
				CLANG_ENABLE_MODULES = YES;
				CLANG_ENABLE_OBJC_ARC = YES;
				CLANG_WARN_BOOL_CONVERSION = YES;
				CLANG_WARN_CONSTANT_CONVERSION = YES;
				CLANG_WARN_DIRECT_OBJC_ISA_USAGE = YES_ERROR;
				CLANG_WARN_DOCUMENTATION_COMMENTS = YES;
				CLANG_WARN_EMPTY_BODY = YES;
				CLANG_WARN_ENUM_CONVERSION = YES;
				CLANG_WARN_INFINITE_RECURSION = YES;
				CLANG_WARN_INT_CONVERSION = YES;
				CLANG_WARN_OBJC_ROOT_CLASS = YES_ERROR;
				CLANG_WARN_SUSPICIOUS_MOVES = YES;
				CLANG_WARN_UNREACHABLE_CODE = YES;
				CLANG_WARN__DUPLICATE_METHOD_MATCH = YES;
				CODE_SIGN_IDENTITY = "iPhone Developer: cbolstad@gmail.com (966U6KT5BJ)";
				"CODE_SIGN_IDENTITY[sdk=iphoneos*]" = "iPhone Developer: cbolstad@gmail.com (966U6KT5BJ)";
				COPY_PHASE_STRIP = NO;
				DEBUG_INFORMATION_FORMAT = dwarf;
				ENABLE_STRICT_OBJC_MSGSEND = YES;
				ENABLE_TESTABILITY = YES;
				GCC_C_LANGUAGE_STANDARD = gnu99;
				GCC_DYNAMIC_NO_PIC = NO;
				GCC_NO_COMMON_BLOCKS = YES;
				GCC_OPTIMIZATION_LEVEL = 0;
				GCC_PREPROCESSOR_DEFINITIONS = (
					"DEBUG=1",
					"$(inherited)",
				);
				GCC_WARN_64_TO_32_BIT_CONVERSION = YES;
				GCC_WARN_ABOUT_RETURN_TYPE = YES_ERROR;
				GCC_WARN_UNDECLARED_SELECTOR = YES;
				GCC_WARN_UNINITIALIZED_AUTOS = YES_AGGRESSIVE;
				GCC_WARN_UNUSED_FUNCTION = YES;
				GCC_WARN_UNUSED_VARIABLE = YES;
				IPHONEOS_DEPLOYMENT_TARGET = 10.1;
				MTL_ENABLE_DEBUG_INFO = YES;
				ONLY_ACTIVE_ARCH = YES;
				SDKROOT = iphoneos;
				TARGETED_DEVICE_FAMILY = "1,2";
			};
			name = Debug;
		};
		D36E6D731E6CFBC600BFF784 /* Release */ = {
			isa = XCBuildConfiguration;
			buildSettings = {
				ALWAYS_SEARCH_USER_PATHS = NO;
				CLANG_ANALYZER_NONNULL = YES;
				CLANG_CXX_LANGUAGE_STANDARD = "gnu++0x";
				CLANG_CXX_LIBRARY = "libc++";
				CLANG_ENABLE_MODULES = YES;
				CLANG_ENABLE_OBJC_ARC = YES;
				CLANG_WARN_BOOL_CONVERSION = YES;
				CLANG_WARN_CONSTANT_CONVERSION = YES;
				CLANG_WARN_DIRECT_OBJC_ISA_USAGE = YES_ERROR;
				CLANG_WARN_DOCUMENTATION_COMMENTS = YES;
				CLANG_WARN_EMPTY_BODY = YES;
				CLANG_WARN_ENUM_CONVERSION = YES;
				CLANG_WARN_INFINITE_RECURSION = YES;
				CLANG_WARN_INT_CONVERSION = YES;
				CLANG_WARN_OBJC_ROOT_CLASS = YES_ERROR;
				CLANG_WARN_SUSPICIOUS_MOVES = YES;
				CLANG_WARN_UNREACHABLE_CODE = YES;
				CLANG_WARN__DUPLICATE_METHOD_MATCH = YES;
				"CODE_SIGN_IDENTITY[sdk=iphoneos*]" = "iPhone Developer";
				COPY_PHASE_STRIP = NO;
				DEBUG_INFORMATION_FORMAT = "dwarf-with-dsym";
				ENABLE_NS_ASSERTIONS = NO;
				ENABLE_STRICT_OBJC_MSGSEND = YES;
				GCC_C_LANGUAGE_STANDARD = gnu99;
				GCC_NO_COMMON_BLOCKS = YES;
				GCC_WARN_64_TO_32_BIT_CONVERSION = YES;
				GCC_WARN_ABOUT_RETURN_TYPE = YES_ERROR;
				GCC_WARN_UNDECLARED_SELECTOR = YES;
				GCC_WARN_UNINITIALIZED_AUTOS = YES_AGGRESSIVE;
				GCC_WARN_UNUSED_FUNCTION = YES;
				GCC_WARN_UNUSED_VARIABLE = YES;
				IPHONEOS_DEPLOYMENT_TARGET = 10.1;
				MTL_ENABLE_DEBUG_INFO = NO;
				SDKROOT = iphoneos;
				TARGETED_DEVICE_FAMILY = "1,2";
				VALIDATE_PRODUCT = YES;
			};
			name = Release;
		};
		D36E6D751E6CFBC600BFF784 /* Debug */ = {
			isa = XCBuildConfiguration;
			buildSettings = {
				ASSETCATALOG_COMPILER_APPICON_NAME = AppIcon;
				CODE_SIGN_IDENTITY = "iPhone Developer";
				DEVELOPMENT_TEAM = CBZS6UC35V;
				INFOPLIST_FILE = SnazzleClient/Info.plist;
				LD_RUNPATH_SEARCH_PATHS = "$(inherited) @executable_path/Frameworks";
				PRODUCT_BUNDLE_IDENTIFIER = com.skogtek.SnazzleClient;
				PRODUCT_NAME = "$(TARGET_NAME)";
			};
			name = Debug;
		};
		D36E6D761E6CFBC600BFF784 /* Release */ = {
			isa = XCBuildConfiguration;
			buildSettings = {
				ASSETCATALOG_COMPILER_APPICON_NAME = AppIcon;
				CODE_SIGN_IDENTITY = "iPhone Developer";
				DEVELOPMENT_TEAM = CBZS6UC35V;
				INFOPLIST_FILE = SnazzleClient/Info.plist;
				LD_RUNPATH_SEARCH_PATHS = "$(inherited) @executable_path/Frameworks";
				PRODUCT_BUNDLE_IDENTIFIER = com.skogtek.SnazzleClient;
				PRODUCT_NAME = "$(TARGET_NAME)";
			};
			name = Release;
		};
		D36E6D781E6CFBC600BFF784 /* Debug */ = {
			isa = XCBuildConfiguration;
			buildSettings = {
				BUNDLE_LOADER = "$(TEST_HOST)";
				INFOPLIST_FILE = SnazzleClientTests/Info.plist;
				LD_RUNPATH_SEARCH_PATHS = "$(inherited) @executable_path/Frameworks @loader_path/Frameworks";
				PRODUCT_BUNDLE_IDENTIFIER = com.skogtek.SnazzleClientTests;
				PRODUCT_NAME = "$(TARGET_NAME)";
				TEST_HOST = "$(BUILT_PRODUCTS_DIR)/SnazzleClient.app/SnazzleClient";
			};
			name = Debug;
		};
		D36E6D791E6CFBC600BFF784 /* Release */ = {
			isa = XCBuildConfiguration;
			buildSettings = {
				BUNDLE_LOADER = "$(TEST_HOST)";
				INFOPLIST_FILE = SnazzleClientTests/Info.plist;
				LD_RUNPATH_SEARCH_PATHS = "$(inherited) @executable_path/Frameworks @loader_path/Frameworks";
				PRODUCT_BUNDLE_IDENTIFIER = com.skogtek.SnazzleClientTests;
				PRODUCT_NAME = "$(TARGET_NAME)";
				TEST_HOST = "$(BUILT_PRODUCTS_DIR)/SnazzleClient.app/SnazzleClient";
			};
			name = Release;
		};
		D36E6D7B1E6CFBC600BFF784 /* Debug */ = {
			isa = XCBuildConfiguration;
			buildSettings = {
				INFOPLIST_FILE = SnazzleClientUITests/Info.plist;
				LD_RUNPATH_SEARCH_PATHS = "$(inherited) @executable_path/Frameworks @loader_path/Frameworks";
				PRODUCT_BUNDLE_IDENTIFIER = com.skogtek.SnazzleClientUITests;
				PRODUCT_NAME = "$(TARGET_NAME)";
				TEST_TARGET_NAME = SnazzleClient;
			};
			name = Debug;
		};
		D36E6D7C1E6CFBC600BFF784 /* Release */ = {
			isa = XCBuildConfiguration;
			buildSettings = {
				INFOPLIST_FILE = SnazzleClientUITests/Info.plist;
				LD_RUNPATH_SEARCH_PATHS = "$(inherited) @executable_path/Frameworks @loader_path/Frameworks";
				PRODUCT_BUNDLE_IDENTIFIER = com.skogtek.SnazzleClientUITests;
				PRODUCT_NAME = "$(TARGET_NAME)";
				TEST_TARGET_NAME = SnazzleClient;
			};
			name = Release;
		};
/* End XCBuildConfiguration section */

/* Begin XCConfigurationList section */
		D36E6D3F1E6CFBC500BFF784 /* Build configuration list for PBXProject "SnazzleClient" */ = {
			isa = XCConfigurationList;
			buildConfigurations = (
				D36E6D721E6CFBC600BFF784 /* Debug */,
				D36E6D731E6CFBC600BFF784 /* Release */,
			);
			defaultConfigurationIsVisible = 0;
			defaultConfigurationName = Release;
		};
		D36E6D741E6CFBC600BFF784 /* Build configuration list for PBXNativeTarget "SnazzleClient" */ = {
			isa = XCConfigurationList;
			buildConfigurations = (
				D36E6D751E6CFBC600BFF784 /* Debug */,
				D36E6D761E6CFBC600BFF784 /* Release */,
			);
			defaultConfigurationIsVisible = 0;
			defaultConfigurationName = Release;
		};
		D36E6D771E6CFBC600BFF784 /* Build configuration list for PBXNativeTarget "SnazzleClientTests" */ = {
			isa = XCConfigurationList;
			buildConfigurations = (
				D36E6D781E6CFBC600BFF784 /* Debug */,
				D36E6D791E6CFBC600BFF784 /* Release */,
			);
			defaultConfigurationIsVisible = 0;
			defaultConfigurationName = Release;
		};
		D36E6D7A1E6CFBC600BFF784 /* Build configuration list for PBXNativeTarget "SnazzleClientUITests" */ = {
			isa = XCConfigurationList;
			buildConfigurations = (
				D36E6D7B1E6CFBC600BFF784 /* Debug */,
				D36E6D7C1E6CFBC600BFF784 /* Release */,
			);
			defaultConfigurationIsVisible = 0;
			defaultConfigurationName = Release;
		};
/* End XCConfigurationList section */

/* Begin XCVersionGroup section */
		D36E6D531E6CFBC500BFF784 /* SnazzleClient.xcdatamodeld */ = {
			isa = XCVersionGroup;
			children = (
				D36E6D541E6CFBC500BFF784 /* SnazzleClient.xcdatamodel */,
			);
			currentVersion = D36E6D541E6CFBC500BFF784 /* SnazzleClient.xcdatamodel */;
			path = SnazzleClient.xcdatamodeld;
			sourceTree = "<group>";
			versionGroupType = wrapper.xcdatamodel;
		};
/* End XCVersionGroup section */
	};
	rootObject = D36E6D3C1E6CFBC500BFF784 /* Project object */;
}
